Microsoft Visual Studio Solution File, Format Version 12.00
# Visual Studio Version 17
VisualStudioVersion = 17.5.2.0
MinimumVisualStudioVersion = 10.0.40219.1
Project("{FAE04EC0-301F-11D3-BF4B-00C04F79EFBC}") = "MySampleApp", "MySampleApp.csproj", "{5E9104B6-F947-A980-BB7F-6F988B51BCCD}"
EndProject
Global
	GlobalSection(SolutionConfigurationPlatforms) = preSolution
		Debug|Any CPU = Debug|Any CPU
		Release|Any CPU = Release|Any CPU
	EndGlobalSection
	GlobalSection(ProjectConfigurationPlatforms) = postSolution
		{5E9104B6-F947-A980-BB7F-6F988B51BCCD}.Debug|Any CPU.ActiveCfg = Debug|Any CPU
		{5E9104B6-F947-A980-BB7F-6F988B51BCCD}.Debug|Any CPU.Build.0 = Debug|Any CPU
		{5E9104B6-F947-A980-BB7F-6F988B51BCCD}.Release|Any CPU.ActiveCfg = Release|Any CPU
		{5E9104B6-F947-A980-BB7F-6F988B51BCCD}.Release|Any CPU.Build.0 = Release|Any CPU
	EndGlobalSection
	GlobalSection(SolutionProperties) = preSolution
		HideSolutionNode = FALSE
	EndGlobalSection
	GlobalSection(ExtensibilityGlobals) = postSolution
		SolutionGuid = {B106FFD3-A8F1-4494-BE1C-11DEA48D1586}
	EndGlobalSection
EndGlobal
